// !$*UTF8*$!
{
	archiveVersion = 1;
	classes = {
	};
	objectVersion = 56;
	objects = {

/* Begin PBXBuildFile section */
		47AF00B268BB9605C9D3A127 /* Pods_CollectionViewWithSnapkit.framework in Frameworks */ = {isa = PBXBuildFile; fileRef = 9AF2ED505972BE900A0E5D4E /* Pods_CollectionViewWithSnapkit.framework */; };
		507B6A472A0E0C1B009C571B /* AppDelegate.swift in Sources */ = {isa = PBXBuildFile; fileRef = 507B6A462A0E0C1B009C571B /* AppDelegate.swift */; };
		507B6A492A0E0C1B009C571B /* SceneDelegate.swift in Sources */ = {isa = PBXBuildFile; fileRef = 507B6A482A0E0C1B009C571B /* SceneDelegate.swift */; };
		507B6A4B2A0E0C1B009C571B /* CollectionViewController.swift in Sources */ = {isa = PBXBuildFile; fileRef = 507B6A4A2A0E0C1B009C571B /* CollectionViewController.swift */; };
		507B6A4E2A0E0C1B009C571B /* Main.storyboard in Resources */ = {isa = PBXBuildFile; fileRef = 507B6A4C2A0E0C1B009C571B /* Main.storyboard */; };
		507B6A502A0E0C1D009C571B /* Assets.xcassets in Resources */ = {isa = PBXBuildFile; fileRef = 507B6A4F2A0E0C1D009C571B /* Assets.xcassets */; };
		507B6A532A0E0C1D009C571B /* LaunchScreen.storyboard in Resources */ = {isa = PBXBuildFile; fileRef = 507B6A512A0E0C1D009C571B /* LaunchScreen.storyboard */; };
/* End PBXBuildFile section */

/* Begin PBXFileReference section */
		074C1AB2FEBCD4AC2C018CE3 /* Pods-CollectionViewWithSnapkit.debug.xcconfig */ = {isa = PBXFileReference; includeInIndex = 1; lastKnownFileType = text.xcconfig; name = "Pods-CollectionViewWithSnapkit.debug.xcconfig"; path = "Target Support Files/Pods-CollectionViewWithSnapkit/Pods-CollectionViewWithSnapkit.debug.xcconfig"; sourceTree = "<group>"; };
		507B6A432A0E0C1B009C571B /* CollectionViewWithSnapkit.app */ = {isa = PBXFileReference; explicitFileType = wrapper.application; includeInIndex = 0; path = CollectionViewWithSnapkit.app; sourceTree = BUILT_PRODUCTS_DIR; };
		507B6A462A0E0C1B009C571B /* AppDelegate.swift */ = {isa = PBXFileReference; lastKnownFileType = sourcecode.swift; path = AppDelegate.swift; sourceTree = "<group>"; };
		507B6A482A0E0C1B009C571B /* SceneDelegate.swift */ = {isa = PBXFileReference; lastKnownFileType = sourcecode.swift; path = SceneDelegate.swift; sourceTree = "<group>"; };
		507B6A4A2A0E0C1B009C571B /* CollectionViewController.swift */ = {isa = PBXFileReference; lastKnownFileType = sourcecode.swift; path = CollectionViewController.swift; sourceTree = "<group>"; };
		507B6A4D2A0E0C1B009C571B /* Base */ = {isa = PBXFileReference; lastKnownFileType = file.storyboard; name = Base; path = Base.lproj/Main.storyboard; sourceTree = "<group>"; };
		507B6A4F2A0E0C1D009C571B /* Assets.xcassets */ = {isa = PBXFileReference; lastKnownFileType = folder.assetcatalog; path = Assets.xcassets; sourceTree = "<group>"; };
		507B6A522A0E0C1D009C571B /* Base */ = {isa = PBXFileReference; lastKnownFileType = file.storyboard; name = Base; path = Base.lproj/LaunchScreen.storyboard; sourceTree = "<group>"; };
		507B6A542A0E0C1D009C571B /* Info.plist */ = {isa = PBXFileReference; lastKnownFileType = text.plist.xml; path = Info.plist; sourceTree = "<group>"; };
		99FDC6A2ECD3D4209AEBF113 /* Pods-CollectionViewWithSnapkit.release.xcconfig */ = {isa = PBXFileReference; includeInIndex = 1; lastKnownFileType = text.xcconfig; name = "Pods-CollectionViewWithSnapkit.release.xcconfig"; path = "Target Support Files/Pods-CollectionViewWithSnapkit/Pods-CollectionViewWithSnapkit.release.xcconfig"; sourceTree = "<group>"; };
		9AF2ED505972BE900A0E5D4E /* Pods_CollectionViewWithSnapkit.framework */ = {isa = PBXFileReference; explicitFileType = wrapper.framework; includeInIndex = 0; path = Pods_CollectionViewWithSnapkit.framework; sourceTree = BUILT_PRODUCTS_DIR; };
/* End PBXFileReference section */

/* Begin PBXFrameworksBuildPhase section */
		507B6A402A0E0C1B009C571B /* Frameworks */ = {
			isa = PBXFrameworksBuildPhase;
			buildActionMask = 2147483647;
			files = (
				47AF00B268BB9605C9D3A127 /* Pods_CollectionViewWithSnapkit.framework in Frameworks */,
			);
			runOnlyForDeploymentPostprocessing = 0;
		};
/* End PBXFrameworksBuildPhase section */

/* Begin PBXGroup section */
		507B6A3A2A0E0C1B009C571B = {
			isa = PBXGroup;
			children = (
				507B6A452A0E0C1B009C571B /* CollectionViewWithSnapkit */,
				507B6A442A0E0C1B009C571B /* Products */,
				8633877C80E46CAC438B7276 /* Pods */,
				C0D1AAA8369F4257818F9631 /* Frameworks */,
			);
			sourceTree = "<group>";
		};
		507B6A442A0E0C1B009C571B /* Products */ = {
			isa = PBXGroup;
			children = (
				507B6A432A0E0C1B009C571B /* CollectionViewWithSnapkit.app */,
			);
			name = Products;
			sourceTree = "<group>";
		};
		507B6A452A0E0C1B009C571B /* CollectionViewWithSnapkit */ = {
			isa = PBXGroup;
			children = (
				507B6A5D2A0E0C45009C571B /* Models */,
				507B6A5C2A0E0C3E009C571B /* Views */,
				507B6A5B2A0E0C36009C571B /* Controllers */,
				507B6A5A2A0E0C2A009C571B /* Supporting Files */,
				507B6A4F2A0E0C1D009C571B /* Assets.xcassets */,
				507B6A542A0E0C1D009C571B /* Info.plist */,
			);
			path = CollectionViewWithSnapkit;
			sourceTree = "<group>";
		};
		507B6A5A2A0E0C2A009C571B /* Supporting Files */ = {
			isa = PBXGroup;
			children = (
				507B6A462A0E0C1B009C571B /* AppDelegate.swift */,
				507B6A482A0E0C1B009C571B /* SceneDelegate.swift */,
				507B6A4C2A0E0C1B009C571B /* Main.storyboard */,
				507B6A512A0E0C1D009C571B /* LaunchScreen.storyboard */,
			);
			path = "Supporting Files";
			sourceTree = "<group>";
		};
		507B6A5B2A0E0C36009C571B /* Controllers */ = {
			isa = PBXGroup;
			children = (
				507B6A4A2A0E0C1B009C571B /* CollectionViewController.swift */,
			);
			path = Controllers;
			sourceTree = "<group>";
		};
		507B6A5C2A0E0C3E009C571B /* Views */ = {
			isa = PBXGroup;
			children = (
			);
			path = Views;
			sourceTree = "<group>";
		};
		507B6A5D2A0E0C45009C571B /* Models */ = {
			isa = PBXGroup;
			children = (
			);
			path = Models;
			sourceTree = "<group>";
		};
		8633877C80E46CAC438B7276 /* Pods */ = {
			isa = PBXGroup;
			children = (
				074C1AB2FEBCD4AC2C018CE3 /* Pods-CollectionViewWithSnapkit.debug.xcconfig */,
				99FDC6A2ECD3D4209AEBF113 /* Pods-CollectionViewWithSnapkit.release.xcconfig */,
			);
			path = Pods;
			sourceTree = "<group>";
		};
		C0D1AAA8369F4257818F9631 /* Frameworks */ = {
			isa = PBXGroup;
			children = (
				9AF2ED505972BE900A0E5D4E /* Pods_CollectionViewWithSnapkit.framework */,
			);
			name = Frameworks;
			sourceTree = "<group>";
		};
/* End PBXGroup section */

/* Begin PBXNativeTarget section */
		507B6A422A0E0C1B009C571B /* CollectionViewWithSnapkit */ = {
			isa = PBXNativeTarget;
			buildConfigurationList = 507B6A572A0E0C1D009C571B /* Build configuration list for PBXNativeTarget "CollectionViewWithSnapkit" */;
			buildPhases = (
				1B80ED3D770FF8BA027B66E1 /* [CP] Check Pods Manifest.lock */,
				507B6A3F2A0E0C1B009C571B /* Sources */,
				507B6A402A0E0C1B009C571B /* Frameworks */,
				507B6A412A0E0C1B009C571B /* Resources */,
				8A3712E673431DD719F0C919 /* [CP] Embed Pods Frameworks */,
			);
			buildRules = (
			);
			dependencies = (
			);
			name = CollectionViewWithSnapkit;
			productName = CollectionViewWithSnapkit;
			productReference = 507B6A432A0E0C1B009C571B /* CollectionViewWithSnapkit.app */;
			productType = "com.apple.product-type.application";
		};
/* End PBXNativeTarget section */

/* Begin PBXProject section */
		507B6A3B2A0E0C1B009C571B /* Project object */ = {
			isa = PBXProject;
			attributes = {
				BuildIndependentTargetsInParallel = 1;
				LastSwiftUpdateCheck = 1430;
				LastUpgradeCheck = 1430;
				TargetAttributes = {
					507B6A422A0E0C1B009C571B = {
						CreatedOnToolsVersion = 14.3;
					};
				};
			};
			buildConfigurationList = 507B6A3E2A0E0C1B009C571B /* Build configuration list for PBXProject "CollectionViewWithSnapkit" */;
			compatibilityVersion = "Xcode 14.0";
			developmentRegion = en;
			hasScannedForEncodings = 0;
			knownRegions = (
				en,
				Base,
			);
			mainGroup = 507B6A3A2A0E0C1B009C571B;
			productRefGroup = 507B6A442A0E0C1B009C571B /* Products */;
			projectDirPath = "";
			projectRoot = "";
			targets = (
				507B6A422A0E0C1B009C571B /* CollectionViewWithSnapkit */,
			);
		};
/* End PBXProject section */

/* Begin PBXResourcesBuildPhase section */
		507B6A412A0E0C1B009C571B /* Resources */ = {
			isa = PBXResourcesBuildPhase;
			buildActionMask = 2147483647;
			files = (
				507B6A532A0E0C1D009C571B /* LaunchScreen.storyboard in Resources */,
				507B6A502A0E0C1D009C571B /* Assets.xcassets in Resources */,
				507B6A4E2A0E0C1B009C571B /* Main.storyboard in Resources */,
			);
			runOnlyForDeploymentPostprocessing = 0;
		};
/* End PBXResourcesBuildPhase section */

/* Begin PBXShellScriptBuildPhase section */
		1B80ED3D770FF8BA027B66E1 /* [CP] Check Pods Manifest.lock */ = {
			isa = PBXShellScriptBuildPhase;
			buildActionMask = 2147483647;
			files = (
			);
			inputFileListPaths = (
			);
			inputPaths = (
				"${PODS_PODFILE_DIR_PATH}/Podfile.lock",
				"${PODS_ROOT}/Manifest.lock",
			);
			name = "[CP] Check Pods Manifest.lock";
			outputFileListPaths = (
			);
			outputPaths = (
				"$(DERIVED_FILE_DIR)/Pods-CollectionViewWithSnapkit-checkManifestLockResult.txt",
			);
			runOnlyForDeploymentPostprocessing = 0;
			shellPath = /bin/sh;
			shellScript = "diff \"${PODS_PODFILE_DIR_PATH}/Podfile.lock\" \"${PODS_ROOT}/Manifest.lock\" > /dev/null\nif [ $? != 0 ] ; then\n    # print error to STDERR\n    echo \"error: The sandbox is not in sync with the Podfile.lock. Run 'pod install' or update your CocoaPods installation.\" >&2\n    exit 1\nfi\n# This output is used by Xcode 'outputs' to avoid re-running this script phase.\necho \"SUCCESS\" > \"${SCRIPT_OUTPUT_FILE_0}\"\n";
			showEnvVarsInLog = 0;
		};
		8A3712E673431DD719F0C919 /* [CP] Embed Pods Frameworks */ = {
			isa = PBXShellScriptBuildPhase;
			buildActionMask = 2147483647;
			files = (
			);
			inputFileListPaths = (
				"${PODS_ROOT}/Target Support Files/Pods-CollectionViewWithSnapkit/Pods-CollectionViewWithSnapkit-frameworks-${CONFIGURATION}-input-files.xcfilelist",
			);
			name = "[CP] Embed Pods Frameworks";
			outputFileListPaths = (
				"${PODS_ROOT}/Target Support Files/Pods-CollectionViewWithSnapkit/Pods-CollectionViewWithSnapkit-frameworks-${CONFIGURATION}-output-files.xcfilelist",
			);
			runOnlyForDeploymentPostprocessing = 0;
			shellPath = /bin/sh;
			shellScript = "\"${PODS_ROOT}/Target Support Files/Pods-CollectionViewWithSnapkit/Pods-CollectionViewWithSnapkit-frameworks.sh\"\n";
			showEnvVarsInLog = 0;
		};
/* End PBXShellScriptBuildPhase section */

/* Begin PBXSourcesBuildPhase section */
		507B6A3F2A0E0C1B009C571B /* Sources */ = {
			isa = PBXSourcesBuildPhase;
			buildActionMask = 2147483647;
			files = (
				507B6A4B2A0E0C1B009C571B /* CollectionViewController.swift in Sources */,
				507B6A472A0E0C1B009C571B /* AppDelegate.swift in Sources */,
				507B6A492A0E0C1B009C571B /* SceneDelegate.swift in Sources */,
			);
			runOnlyForDeploymentPostprocessing = 0;
		};
/* End PBXSourcesBuildPhase section */

/* Begin PBXVariantGroup section */
		507B6A4C2A0E0C1B009C571B /* Main.storyboard */ = {
			isa = PBXVariantGroup;
			children = (
				507B6A4D2A0E0C1B009C571B /* Base */,
			);
			name = Main.storyboard;
			sourceTree = "<group>";
		};
		507B6A512A0E0C1D009C571B /* LaunchScreen.storyboard */ = {
			isa = PBXVariantGroup;
			children = (
				507B6A522A0E0C1D009C571B /* Base */,
			);
			name = LaunchScreen.storyboard;
			sourceTree = "<group>";
		};
/* End PBXVariantGroup section */

/* Begin XCBuildConfiguration section */
		507B6A552A0E0C1D009C571B /* Debug */ = {
			isa = XCBuildConfiguration;
			buildSettings = {
				ALWAYS_SEARCH_USER_PATHS = NO;
				CLANG_ANALYZER_NONNULL = YES;
				CLANG_ANALYZER_NUMBER_OBJECT_CONVERSION = YES_AGGRESSIVE;
				CLANG_CXX_LANGUAGE_STANDARD = "gnu++20";
				CLANG_ENABLE_MODULES = YES;
				CLANG_ENABLE_OBJC_ARC = YES;
				CLANG_ENABLE_OBJC_WEAK = YES;
				CLANG_WARN_BLOCK_CAPTURE_AUTORELEASING = YES;
				CLANG_WARN_BOOL_CONVERSION = YES;
				CLANG_WARN_COMMA = YES;
				CLANG_WARN_CONSTANT_CONVERSION = YES;
				CLANG_WARN_DEPRECATED_OBJC_IMPLEMENTATIONS = YES;
				CLANG_WARN_DIRECT_OBJC_ISA_USAGE = YES_ERROR;
				CLANG_WARN_DOCUMENTATION_COMMENTS = YES;
				CLANG_WARN_EMPTY_BODY = YES;
				CLANG_WARN_ENUM_CONVERSION = YES;
				CLANG_WARN_INFINITE_RECURSION = YES;
				CLANG_WARN_INT_CONVERSION = YES;
				CLANG_WARN_NON_LITERAL_NULL_CONVERSION = YES;
				CLANG_WARN_OBJC_IMPLICIT_RETAIN_SELF = YES;
				CLANG_WARN_OBJC_LITERAL_CONVERSION = YES;
				CLANG_WARN_OBJC_ROOT_CLASS = YES_ERROR;
				CLANG_WARN_QUOTED_INCLUDE_IN_FRAMEWORK_HEADER = YES;
				CLANG_WARN_RANGE_LOOP_ANALYSIS = YES;
				CLANG_WARN_STRICT_PROTOTYPES = YES;
				CLANG_WARN_SUSPICIOUS_MOVE = YES;
				CLANG_WARN_UNGUARDED_AVAILABILITY = YES_AGGRESSIVE;
				CLANG_WARN_UNREACHABLE_CODE = YES;
				CLANG_WARN__DUPLICATE_METHOD_MATCH = YES;
				COPY_PHASE_STRIP = NO;
				DEBUG_INFORMATION_FORMAT = dwarf;
				ENABLE_STRICT_OBJC_MSGSEND = YES;
				ENABLE_TESTABILITY = YES;
				GCC_C_LANGUAGE_STANDARD = gnu11;
				GCC_DYNAMIC_NO_PIC = NO;
				GCC_NO_COMMON_BLOCKS = YES;
				GCC_OPTIMIZATION_LEVEL = 0;
				GCC_PREPROCESSOR_DEFINITIONS = (
					"DEBUG=1",
					"$(inherited)",
				);
				GCC_WARN_64_TO_32_BIT_CONVERSION = YES;
				GCC_WARN_ABOUT_RETURN_TYPE = YES_ERROR;
				GCC_WARN_UNDECLARED_SELECTOR = YES;
				GCC_WARN_UNINITIALIZED_AUTOS = YES_AGGRESSIVE;
				GCC_WARN_UNUSED_FUNCTION = YES;
				GCC_WARN_UNUSED_VARIABLE = YES;
				IPHONEOS_DEPLOYMENT_TARGET = 16.4;
				MTL_ENABLE_DEBUG_INFO = INCLUDE_SOURCE;
				MTL_FAST_MATH = YES;
				ONLY_ACTIVE_ARCH = YES;
				SDKROOT = iphoneos;
				SWIFT_ACTIVE_COMPILATION_CONDITIONS = DEBUG;
				SWIFT_OPTIMIZATION_LEVEL = "-Onone";
			};
			name = Debug;
		};
		507B6A562A0E0C1D009C571B /* Release */ = {
			isa = XCBuildConfiguration;
			buildSettings = {
				ALWAYS_SEARCH_USER_PATHS = NO;
				CLANG_ANALYZER_NONNULL = YES;
				CLANG_ANALYZER_NUMBER_OBJECT_CONVERSION = YES_AGGRESSIVE;
				CLANG_CXX_LANGUAGE_STANDARD = "gnu++20";
				CLANG_ENABLE_MODULES = YES;
				CLANG_ENABLE_OBJC_ARC = YES;
				CLANG_ENABLE_OBJC_WEAK = YES;
				CLANG_WARN_BLOCK_CAPTURE_AUTORELEASING = YES;
				CLANG_WARN_BOOL_CONVERSION = YES;
				CLANG_WARN_COMMA = YES;
				CLANG_WARN_CONSTANT_CONVERSION = YES;
				CLANG_WARN_DEPRECATED_OBJC_IMPLEMENTATIONS = YES;
				CLANG_WARN_DIRECT_OBJC_ISA_USAGE = YES_ERROR;
				CLANG_WARN_DOCUMENTATION_COMMENTS = YES;
				CLANG_WARN_EMPTY_BODY = YES;
				CLANG_WARN_ENUM_CONVERSION = YES;
				CLANG_WARN_INFINITE_RECURSION = YES;
				CLANG_WARN_INT_CONVERSION = YES;
				CLANG_WARN_NON_LITERAL_NULL_CONVERSION = YES;
				CLANG_WARN_OBJC_IMPLICIT_RETAIN_SELF = YES;
				CLANG_WARN_OBJC_LITERAL_CONVERSION = YES;
				CLANG_WARN_OBJC_ROOT_CLASS = YES_ERROR;
				CLANG_WARN_QUOTED_INCLUDE_IN_FRAMEWORK_HEADER = YES;
				CLANG_WARN_RANGE_LOOP_ANALYSIS = YES;
				CLANG_WARN_STRICT_PROTOTYPES = YES;
				CLANG_WARN_SUSPICIOUS_MOVE = YES;
				CLANG_WARN_UNGUARDED_AVAILABILITY = YES_AGGRESSIVE;
				CLANG_WARN_UNREACHABLE_CODE = YES;
				CLANG_WARN__DUPLICATE_METHOD_MATCH = YES;
				COPY_PHASE_STRIP = NO;
				DEBUG_INFORMATION_FORMAT = "dwarf-with-dsym";
				ENABLE_NS_ASSERTIONS = NO;
				ENABLE_STRICT_OBJC_MSGSEND = YES;
				GCC_C_LANGUAGE_STANDARD = gnu11;
				GCC_NO_COMMON_BLOCKS = YES;
				GCC_WARN_64_TO_32_BIT_CONVERSION = YES;
				GCC_WARN_ABOUT_RETURN_TYPE = YES_ERROR;
				GCC_WARN_UNDECLARED_SELECTOR = YES;
				GCC_WARN_UNINITIALIZED_AUTOS = YES_AGGRESSIVE;
				GCC_WARN_UNUSED_FUNCTION = YES;
				GCC_WARN_UNUSED_VARIABLE = YES;
				IPHONEOS_DEPLOYMENT_TARGET = 16.4;
				MTL_ENABLE_DEBUG_INFO = NO;
				MTL_FAST_MATH = YES;
				SDKROOT = iphoneos;
				SWIFT_COMPILATION_MODE = wholemodule;
				SWIFT_OPTIMIZATION_LEVEL = "-O";
				VALIDATE_PRODUCT = YES;
			};
			name = Release;
		};
		507B6A582A0E0C1D009C571B /* Debug */ = {
			isa = XCBuildConfiguration;
			baseConfigurationReference = 074C1AB2FEBCD4AC2C018CE3 /* Pods-CollectionViewWithSnapkit.debug.xcconfig */;
			buildSettings = {
				ASSETCATALOG_COMPILER_APPICON_NAME = AppIcon;
				ASSETCATALOG_COMPILER_GLOBAL_ACCENT_COLOR_NAME = AccentColor;
				CODE_SIGN_STYLE = Automatic;
				CURRENT_PROJECT_VERSION = 1;
				DEVELOPMENT_TEAM = WU69N4C677;
				GENERATE_INFOPLIST_FILE = YES;
				INFOPLIST_FILE = CollectionViewWithSnapkit/Info.plist;
				INFOPLIST_KEY_UIApplicationSupportsIndirectInputEvents = YES;
				INFOPLIST_KEY_UILaunchStoryboardName = LaunchScreen;
				INFOPLIST_KEY_UIMainStoryboardFile = Main;
				INFOPLIST_KEY_UISupportedInterfaceOrientations_iPad = "UIInterfaceOrientationPortrait UIInterfaceOrientationPortraitUpsideDown UIInterfaceOrientationLandscapeLeft UIInterfaceOrientationLandscapeRight";
				INFOPLIST_KEY_UISupportedInterfaceOrientations_iPhone = "UIInterfaceOrientationPortrait UIInterfaceOrientationLandscapeLeft UIInterfaceOrientationLandscapeRight";
				LD_RUNPATH_SEARCH_PATHS = (
					"$(inherited)",
					"@executable_path/Frameworks",
				);
				MARKETING_VERSION = 1.0;
				PRODUCT_BUNDLE_IDENTIFIER = com.sangesherpa.CollectionViewWithSnapkit;
				PRODUCT_NAME = "$(TARGET_NAME)";
				SWIFT_EMIT_LOC_STRINGS = YES;
				SWIFT_VERSION = 5.0;
				TARGETED_DEVICE_FAMILY = "1,2";
			};
			name = Debug;
		};
		507B6A592A0E0C1D009C571B /* Release */ = {
			isa = XCBuildConfiguration;
			baseConfigurationReference = 99FDC6A2ECD3D4209AEBF113 /* Pods-CollectionViewWithSnapkit.release.xcconfig */;
			buildSettings = {
				ASSETCATALOG_COMPILER_APPICON_NAME = AppIcon;
				ASSETCATALOG_COMPILER_GLOBAL_ACCENT_COLOR_NAME = AccentColor;
				CODE_SIGN_STYLE = Automatic;
				CURRENT_PROJECT_VERSION = 1;
				DEVELOPMENT_TEAM = WU69N4C677;
				GENERATE_INFOPLIST_FILE = YES;
				INFOPLIST_FILE = CollectionViewWithSnapkit/Info.plist;
				INFOPLIST_KEY_UIApplicationSupportsIndirectInputEvents = YES;
				INFOPLIST_KEY_UILaunchStoryboardName = LaunchScreen;
				INFOPLIST_KEY_UIMainStoryboardFile = Main;
				INFOPLIST_KEY_UISupportedInterfaceOrientations_iPad = "UIInterfaceOrientationPortrait UIInterfaceOrientationPortraitUpsideDown UIInterfaceOrientationLandscapeLeft UIInterfaceOrientationLandscapeRight";
				INFOPLIST_KEY_UISupportedInterfaceOrientations_iPhone = "UIInterfaceOrientationPortrait UIInterfaceOrientationLandscapeLeft UIInterfaceOrientationLandscapeRight";
				LD_RUNPATH_SEARCH_PATHS = (
					"$(inherited)",
					"@executable_path/Frameworks",
				);
				MARKETING_VERSION = 1.0;
				PRODUCT_BUNDLE_IDENTIFIER = com.sangesherpa.CollectionViewWithSnapkit;
				PRODUCT_NAME = "$(TARGET_NAME)";
				SWIFT_EMIT_LOC_STRINGS = YES;
				SWIFT_VERSION = 5.0;
				TARGETED_DEVICE_FAMILY = "1,2";
			};
			name = Release;
		};
/* End XCBuildConfiguration section */

/* Begin XCConfigurationList section */
		507B6A3E2A0E0C1B009C571B /* Build configuration list for PBXProject "CollectionViewWithSnapkit" */ = {
			isa = XCConfigurationList;
			buildConfigurations = (
				507B6A552A0E0C1D009C571B /* Debug */,
				507B6A562A0E0C1D009C571B /* Release */,
			);
			defaultConfigurationIsVisible = 0;
			defaultConfigurationName = Release;
		};
		507B6A572A0E0C1D009C571B /* Build configuration list for PBXNativeTarget "CollectionViewWithSnapkit" */ = {
			isa = XCConfigurationList;
			buildConfigurations = (
				507B6A582A0E0C1D009C571B /* Debug */,
				507B6A592A0E0C1D009C571B /* Release */,
			);
			defaultConfigurationIsVisible = 0;
			defaultConfigurationName = Release;
		};
/* End XCConfigurationList section */
	};
	rootObject = 507B6A3B2A0E0C1B009C571B /* Project object */;
}
